
Microsoft Visual Studio Solution File, Format Version 12.00
# Visual Studio Version 16
VisualStudioVersion = 16.0.31624.102
MinimumVisualStudioVersion = 10.0.40219.1
Project("{FAE04EC0-301F-11D3-BF4B-00C04F79EFBC}") = "Veselov_V_O_oop_lab5", "Veselov_V_O_oop_lab2\Veselov_V_O_oop_lab5.csproj", "{7A634C05-C7B6-42B2-A355-61ECE33A0627}"
EndProject
Global
	GlobalSection(SolutionConfigurationPlatforms) = preSolution
		Debug|Any CPU = Debug|Any CPU
		Release|Any CPU = Release|Any CPU
	EndGlobalSection
	GlobalSection(ProjectConfigurationPlatforms) = postSolution
		{7A634C05-C7B6-42B2-A355-61ECE33A0627}.Debug|Any CPU.ActiveCfg = Debug|Any CPU
		{7A634C05-C7B6-42B2-A355-61ECE33A0627}.Debug|Any CPU.Build.0 = Debug|Any CPU
		{7A634C05-C7B6-42B2-A355-61ECE33A0627}.Release|Any CPU.ActiveCfg = Release|Any CPU
		{7A634C05-C7B6-42B2-A355-61ECE33A0627}.Release|Any CPU.Build.0 = Release|Any CPU
	EndGlobalSection
	GlobalSection(SolutionProperties) = preSolution
		HideSolutionNode = FALSE
	EndGlobalSection
	GlobalSection(ExtensibilityGlobals) = postSolution
		SolutionGuid = {82BF650C-A4AB-4262-98AC-0929ED17D49A}
	EndGlobalSection
EndGlobal
